
Microsoft Visual Studio Solution File, Format Version 12.00
# Visual Studio Version 17
VisualStudioVersion = 17.2.32630.192
MinimumVisualStudioVersion = 10.0.40219.1
Project("{FAE04EC0-301F-11D3-BF4B-00C04F79EFBC}") = "Juletræet", "Juletræet\Juletræet.csproj", "{3AC7DF9F-5626-465D-B8EF-D907876F5B70}"
EndProject
Global
	GlobalSection(SolutionConfigurationPlatforms) = preSolution
		Debug|Any CPU = Debug|Any CPU
		Release|Any CPU = Release|Any CPU
	EndGlobalSection
	GlobalSection(ProjectConfigurationPlatforms) = postSolution
		{3AC7DF9F-5626-465D-B8EF-D907876F5B70}.Debug|Any CPU.ActiveCfg = Debug|Any CPU
		{3AC7DF9F-5626-465D-B8EF-D907876F5B70}.Debug|Any CPU.Build.0 = Debug|Any CPU
		{3AC7DF9F-5626-465D-B8EF-D907876F5B70}.Release|Any CPU.ActiveCfg = Release|Any CPU
		{3AC7DF9F-5626-465D-B8EF-D907876F5B70}.Release|Any CPU.Build.0 = Release|Any CPU
	EndGlobalSection
	GlobalSection(SolutionProperties) = preSolution
		HideSolutionNode = FALSE
	EndGlobalSection
	GlobalSection(ExtensibilityGlobals) = postSolution
		SolutionGuid = {8D5A2E61-414E-4ECF-B0C4-BC57EE10127C}
	EndGlobalSection
EndGlobal
